
Microsoft Visual Studio Solution File, Format Version 12.00
# Visual Studio Version 17
VisualStudioVersion = 17.4.33213.308
MinimumVisualStudioVersion = 10.0.40219.1
Project("{FAE04EC0-301F-11D3-BF4B-00C04F79EFBC}") = "WebApi", "WebApi\WebApi.csproj", "{2FD88EDA-A0E3-43CE-801C-762D19242D33}"
EndProject
Global
	GlobalSection(SolutionConfigurationPlatforms) = preSolution
		Debug|Any CPU = Debug|Any CPU
		Release|Any CPU = Release|Any CPU
	EndGlobalSection
	GlobalSection(ProjectConfigurationPlatforms) = postSolution
		{2FD88EDA-A0E3-43CE-801C-762D19242D33}.Debug|Any CPU.ActiveCfg = Debug|Any CPU
		{2FD88EDA-A0E3-43CE-801C-762D19242D33}.Debug|Any CPU.Build.0 = Debug|Any CPU
		{2FD88EDA-A0E3-43CE-801C-762D19242D33}.Release|Any CPU.ActiveCfg = Release|Any CPU
		{2FD88EDA-A0E3-43CE-801C-762D19242D33}.Release|Any CPU.Build.0 = Release|Any CPU
	EndGlobalSection
	GlobalSection(SolutionProperties) = preSolution
		HideSolutionNode = FALSE
	EndGlobalSection
	GlobalSection(ExtensibilityGlobals) = postSolution
		SolutionGuid = {6B4B8B99-1F86-46ED-B080-F208D81C9E2C}
	EndGlobalSection
EndGlobal
