
Microsoft Visual Studio Solution File, Format Version 12.00
# Visual Studio Version 17
VisualStudioVersion = 17.5.33424.131
MinimumVisualStudioVersion = 10.0.40219.1
Project("{9A19103F-16F7-4668-BE54-9A1E7A4F7556}") = "WebApi", "WebApi\WebApi.csproj", "{81841987-E53C-418B-A840-AD4C02064A9C}"
EndProject
Project("{2150E333-8FDC-42A3-9474-1A3956D46DE8}") = "UnitTests", "UnitTests", "{962BC67E-4214-4026-B797-AC222FCA488E}"
EndProject
Project("{FAE04EC0-301F-11D3-BF4B-00C04F79EFBC}") = "WebApiTests", "WebApiTests\WebApiTests.csproj", "{6C5A60D5-DE7F-43EC-97A4-407C8273B84C}"
EndProject
Global
	GlobalSection(SolutionConfigurationPlatforms) = preSolution
		Debug|Any CPU = Debug|Any CPU
		Release|Any CPU = Release|Any CPU
	EndGlobalSection
	GlobalSection(ProjectConfigurationPlatforms) = postSolution
		{81841987-E53C-418B-A840-AD4C02064A9C}.Debug|Any CPU.ActiveCfg = Debug|Any CPU
		{81841987-E53C-418B-A840-AD4C02064A9C}.Debug|Any CPU.Build.0 = Debug|Any CPU
		{81841987-E53C-418B-A840-AD4C02064A9C}.Release|Any CPU.ActiveCfg = Release|Any CPU
		{81841987-E53C-418B-A840-AD4C02064A9C}.Release|Any CPU.Build.0 = Release|Any CPU
		{6C5A60D5-DE7F-43EC-97A4-407C8273B84C}.Debug|Any CPU.ActiveCfg = Debug|Any CPU
		{6C5A60D5-DE7F-43EC-97A4-407C8273B84C}.Debug|Any CPU.Build.0 = Debug|Any CPU
		{6C5A60D5-DE7F-43EC-97A4-407C8273B84C}.Release|Any CPU.ActiveCfg = Release|Any CPU
		{6C5A60D5-DE7F-43EC-97A4-407C8273B84C}.Release|Any CPU.Build.0 = Release|Any CPU
	EndGlobalSection
	GlobalSection(SolutionProperties) = preSolution
		HideSolutionNode = FALSE
	EndGlobalSection
	GlobalSection(NestedProjects) = preSolution
		{6C5A60D5-DE7F-43EC-97A4-407C8273B84C} = {962BC67E-4214-4026-B797-AC222FCA488E}
	EndGlobalSection
	GlobalSection(ExtensibilityGlobals) = postSolution
		SolutionGuid = {E64C92A8-B05E-4762-AE91-53FD740A3822}
	EndGlobalSection
EndGlobal
